
Microsoft Visual Studio Solution File, Format Version 12.00
# Visual Studio Version 17
VisualStudioVersion = 17.4.33213.308
MinimumVisualStudioVersion = 10.0.40219.1
Project("{FAE04EC0-301F-11D3-BF4B-00C04F79EFBC}") = "Desktop", "CustomRemoteKey\Desktop.csproj", "{413054FE-64D0-4600-B9EC-C914CAEBA2FD}"
EndProject
Project("{9A19103F-16F7-4668-BE54-9A1E7A4F7556}") = "Phone", "Phone\Phone.csproj", "{FF3E9DF4-4272-4A8E-ABF1-148B19D9ED7B}"
EndProject
Global
	GlobalSection(SolutionConfigurationPlatforms) = preSolution
		Debug|Any CPU = Debug|Any CPU
		Release|Any CPU = Release|Any CPU
	EndGlobalSection
	GlobalSection(ProjectConfigurationPlatforms) = postSolution
		{413054FE-64D0-4600-B9EC-C914CAEBA2FD}.Debug|Any CPU.ActiveCfg = Debug|Any CPU
		{413054FE-64D0-4600-B9EC-C914CAEBA2FD}.Debug|Any CPU.Build.0 = Debug|Any CPU
		{413054FE-64D0-4600-B9EC-C914CAEBA2FD}.Release|Any CPU.ActiveCfg = Release|Any CPU
		{413054FE-64D0-4600-B9EC-C914CAEBA2FD}.Release|Any CPU.Build.0 = Release|Any CPU
		{FF3E9DF4-4272-4A8E-ABF1-148B19D9ED7B}.Debug|Any CPU.ActiveCfg = Debug|Any CPU
		{FF3E9DF4-4272-4A8E-ABF1-148B19D9ED7B}.Debug|Any CPU.Build.0 = Debug|Any CPU
		{FF3E9DF4-4272-4A8E-ABF1-148B19D9ED7B}.Debug|Any CPU.Deploy.0 = Debug|Any CPU
		{FF3E9DF4-4272-4A8E-ABF1-148B19D9ED7B}.Release|Any CPU.ActiveCfg = Release|Any CPU
		{FF3E9DF4-4272-4A8E-ABF1-148B19D9ED7B}.Release|Any CPU.Build.0 = Release|Any CPU
		{FF3E9DF4-4272-4A8E-ABF1-148B19D9ED7B}.Release|Any CPU.Deploy.0 = Release|Any CPU
	EndGlobalSection
	GlobalSection(SolutionProperties) = preSolution
		HideSolutionNode = FALSE
	EndGlobalSection
	GlobalSection(ExtensibilityGlobals) = postSolution
		SolutionGuid = {246815FF-AF87-4AA9-8004-8F9A04483136}
	EndGlobalSection
EndGlobal
